
Microsoft Visual Studio Solution File, Format Version 12.00
# Visual Studio Version 17
VisualStudioVersion = 17.0.31903.59
MinimumVisualStudioVersion = 10.0.40219.1
Project("{FAE04EC0-301F-11D3-BF4B-00C04F79EFBC}") = "ProjectGlue", "ProjectGlue\ProjectGlue.csproj", "{456CE0B9-B193-4D13-B5AD-0025BD4E131D}"
EndProject
Project("{FAE04EC0-301F-11D3-BF4B-00C04F79EFBC}") = "ManagedCropoutSampleProject", "ManagedCropoutSampleProject\ManagedCropoutSampleProject.csproj", "{2CEE6B59-3118-4036-9321-288F6849015C}"
EndProject
Global
	GlobalSection(SolutionConfigurationPlatforms) = preSolution
		Debug|Any CPU = Debug|Any CPU
		Release|Any CPU = Release|Any CPU
	EndGlobalSection
	GlobalSection(SolutionProperties) = preSolution
		HideSolutionNode = FALSE
	EndGlobalSection
	GlobalSection(ProjectConfigurationPlatforms) = postSolution
		{456CE0B9-B193-4D13-B5AD-0025BD4E131D}.Debug|Any CPU.ActiveCfg = Debug|Any CPU
		{456CE0B9-B193-4D13-B5AD-0025BD4E131D}.Debug|Any CPU.Build.0 = Debug|Any CPU
		{456CE0B9-B193-4D13-B5AD-0025BD4E131D}.Release|Any CPU.ActiveCfg = Release|Any CPU
		{456CE0B9-B193-4D13-B5AD-0025BD4E131D}.Release|Any CPU.Build.0 = Release|Any CPU
		{2CEE6B59-3118-4036-9321-288F6849015C}.Debug|Any CPU.ActiveCfg = Debug|Any CPU
		{2CEE6B59-3118-4036-9321-288F6849015C}.Debug|Any CPU.Build.0 = Debug|Any CPU
		{2CEE6B59-3118-4036-9321-288F6849015C}.Release|Any CPU.ActiveCfg = Release|Any CPU
		{2CEE6B59-3118-4036-9321-288F6849015C}.Release|Any CPU.Build.0 = Release|Any CPU
	EndGlobalSection
EndGlobal
