
Microsoft Visual Studio Solution File, Format Version 12.00
# Visual Studio Version 17
VisualStudioVersion = 17.0.31903.59
MinimumVisualStudioVersion = 10.0.40219.1
Project("{2150E333-8FDC-42A3-9474-1A3956D46DE8}") = "Script", "Script", "{0BB39A05-1926-C2B2-7003-8EB281EB5439}"
EndProject
Project("{FAE04EC0-301F-11D3-BF4B-00C04F79EFBC}") = "CropoutSampleProject.Glue", "CropoutSampleProject.Glue\CropoutSampleProject.Glue.csproj", "{AAFA7847-A635-4F0F-AE77-774945B8D98C}"
EndProject
Project("{FAE04EC0-301F-11D3-BF4B-00C04F79EFBC}") = "IslandGen", "IslandGen\IslandGen.csproj", "{EA032A4E-B24F-4ABF-ABE5-27058A2A3C8A}"
EndProject
Project("{FAE04EC0-301F-11D3-BF4B-00C04F79EFBC}") = "ManagedCropoutSampleProject", "ManagedCropoutSampleProject\ManagedCropoutSampleProject.csproj", "{6DD2CC32-19D1-4648-AE4A-E10DDE00C37F}"
EndProject
Global
	GlobalSection(SolutionConfigurationPlatforms) = preSolution
		Debug|Any CPU = Debug|Any CPU
		Debug|x64 = Debug|x64
		Debug|x86 = Debug|x86
		Release|Any CPU = Release|Any CPU
		Release|x64 = Release|x64
		Release|x86 = Release|x86
	EndGlobalSection
	GlobalSection(ProjectConfigurationPlatforms) = postSolution
		{AAFA7847-A635-4F0F-AE77-774945B8D98C}.Debug|Any CPU.ActiveCfg = Debug|Any CPU
		{AAFA7847-A635-4F0F-AE77-774945B8D98C}.Debug|Any CPU.Build.0 = Debug|Any CPU
		{AAFA7847-A635-4F0F-AE77-774945B8D98C}.Debug|x64.ActiveCfg = Debug|Any CPU
		{AAFA7847-A635-4F0F-AE77-774945B8D98C}.Debug|x64.Build.0 = Debug|Any CPU
		{AAFA7847-A635-4F0F-AE77-774945B8D98C}.Debug|x86.ActiveCfg = Debug|Any CPU
		{AAFA7847-A635-4F0F-AE77-774945B8D98C}.Debug|x86.Build.0 = Debug|Any CPU
		{AAFA7847-A635-4F0F-AE77-774945B8D98C}.Release|Any CPU.ActiveCfg = Release|Any CPU
		{AAFA7847-A635-4F0F-AE77-774945B8D98C}.Release|Any CPU.Build.0 = Release|Any CPU
		{AAFA7847-A635-4F0F-AE77-774945B8D98C}.Release|x64.ActiveCfg = Release|Any CPU
		{AAFA7847-A635-4F0F-AE77-774945B8D98C}.Release|x64.Build.0 = Release|Any CPU
		{AAFA7847-A635-4F0F-AE77-774945B8D98C}.Release|x86.ActiveCfg = Release|Any CPU
		{AAFA7847-A635-4F0F-AE77-774945B8D98C}.Release|x86.Build.0 = Release|Any CPU
		{EA032A4E-B24F-4ABF-ABE5-27058A2A3C8A}.Debug|Any CPU.ActiveCfg = Debug|Any CPU
		{EA032A4E-B24F-4ABF-ABE5-27058A2A3C8A}.Debug|Any CPU.Build.0 = Debug|Any CPU
		{EA032A4E-B24F-4ABF-ABE5-27058A2A3C8A}.Debug|x64.ActiveCfg = Debug|Any CPU
		{EA032A4E-B24F-4ABF-ABE5-27058A2A3C8A}.Debug|x64.Build.0 = Debug|Any CPU
		{EA032A4E-B24F-4ABF-ABE5-27058A2A3C8A}.Debug|x86.ActiveCfg = Debug|Any CPU
		{EA032A4E-B24F-4ABF-ABE5-27058A2A3C8A}.Debug|x86.Build.0 = Debug|Any CPU
		{EA032A4E-B24F-4ABF-ABE5-27058A2A3C8A}.Release|Any CPU.ActiveCfg = Release|Any CPU
		{EA032A4E-B24F-4ABF-ABE5-27058A2A3C8A}.Release|Any CPU.Build.0 = Release|Any CPU
		{EA032A4E-B24F-4ABF-ABE5-27058A2A3C8A}.Release|x64.ActiveCfg = Release|Any CPU
		{EA032A4E-B24F-4ABF-ABE5-27058A2A3C8A}.Release|x64.Build.0 = Release|Any CPU
		{EA032A4E-B24F-4ABF-ABE5-27058A2A3C8A}.Release|x86.ActiveCfg = Release|Any CPU
		{EA032A4E-B24F-4ABF-ABE5-27058A2A3C8A}.Release|x86.Build.0 = Release|Any CPU
		{6DD2CC32-19D1-4648-AE4A-E10DDE00C37F}.Debug|Any CPU.ActiveCfg = Debug|Any CPU
		{6DD2CC32-19D1-4648-AE4A-E10DDE00C37F}.Debug|Any CPU.Build.0 = Debug|Any CPU
		{6DD2CC32-19D1-4648-AE4A-E10DDE00C37F}.Debug|x64.ActiveCfg = Debug|Any CPU
		{6DD2CC32-19D1-4648-AE4A-E10DDE00C37F}.Debug|x64.Build.0 = Debug|Any CPU
		{6DD2CC32-19D1-4648-AE4A-E10DDE00C37F}.Debug|x86.ActiveCfg = Debug|Any CPU
		{6DD2CC32-19D1-4648-AE4A-E10DDE00C37F}.Debug|x86.Build.0 = Debug|Any CPU
		{6DD2CC32-19D1-4648-AE4A-E10DDE00C37F}.Release|Any CPU.ActiveCfg = Release|Any CPU
		{6DD2CC32-19D1-4648-AE4A-E10DDE00C37F}.Release|Any CPU.Build.0 = Release|Any CPU
		{6DD2CC32-19D1-4648-AE4A-E10DDE00C37F}.Release|x64.ActiveCfg = Release|Any CPU
		{6DD2CC32-19D1-4648-AE4A-E10DDE00C37F}.Release|x64.Build.0 = Release|Any CPU
		{6DD2CC32-19D1-4648-AE4A-E10DDE00C37F}.Release|x86.ActiveCfg = Release|Any CPU
		{6DD2CC32-19D1-4648-AE4A-E10DDE00C37F}.Release|x86.Build.0 = Release|Any CPU
	EndGlobalSection
	GlobalSection(SolutionProperties) = preSolution
		HideSolutionNode = FALSE
	EndGlobalSection
	GlobalSection(NestedProjects) = preSolution
		{AAFA7847-A635-4F0F-AE77-774945B8D98C} = {0BB39A05-1926-C2B2-7003-8EB281EB5439}
		{EA032A4E-B24F-4ABF-ABE5-27058A2A3C8A} = {0BB39A05-1926-C2B2-7003-8EB281EB5439}
		{6DD2CC32-19D1-4648-AE4A-E10DDE00C37F} = {0BB39A05-1926-C2B2-7003-8EB281EB5439}
	EndGlobalSection
EndGlobal
